
Microsoft Visual Studio Solution File, Format Version 12.00
# Visual Studio 15
VisualStudioVersion = 15.0.28307.271
MinimumVisualStudioVersion = 10.0.40219.1
Project("{9A19103F-16F7-4668-BE54-9A1E7A4F7556}") = "DotNetDistance", "DotNetDistance\DotNetDistance.csproj", "{AA99FF32-3273-482A-A149-ED4FFFC89BD1}"
EndProject
Project("{9A19103F-16F7-4668-BE54-9A1E7A4F7556}") = "DotNetDistance.Tests", "DotNetDistance.Tests\DotNetDistance.Tests.csproj", "{767AB0B2-2E1C-45AC-BFAF-954563EE6350}"
EndProject
Global
	GlobalSection(SolutionConfigurationPlatforms) = preSolution
		Debug|Any CPU = Debug|Any CPU
		Release|Any CPU = Release|Any CPU
	EndGlobalSection
	GlobalSection(ProjectConfigurationPlatforms) = postSolution
		{AA99FF32-3273-482A-A149-ED4FFFC89BD1}.Debug|Any CPU.ActiveCfg = Debug|Any CPU
		{AA99FF32-3273-482A-A149-ED4FFFC89BD1}.Debug|Any CPU.Build.0 = Debug|Any CPU
		{AA99FF32-3273-482A-A149-ED4FFFC89BD1}.Release|Any CPU.ActiveCfg = Release|Any CPU
		{AA99FF32-3273-482A-A149-ED4FFFC89BD1}.Release|Any CPU.Build.0 = Release|Any CPU
		{767AB0B2-2E1C-45AC-BFAF-954563EE6350}.Debug|Any CPU.ActiveCfg = Debug|Any CPU
		{767AB0B2-2E1C-45AC-BFAF-954563EE6350}.Debug|Any CPU.Build.0 = Debug|Any CPU
		{767AB0B2-2E1C-45AC-BFAF-954563EE6350}.Release|Any CPU.ActiveCfg = Release|Any CPU
		{767AB0B2-2E1C-45AC-BFAF-954563EE6350}.Release|Any CPU.Build.0 = Release|Any CPU
	EndGlobalSection
	GlobalSection(SolutionProperties) = preSolution
		HideSolutionNode = FALSE
	EndGlobalSection
	GlobalSection(ExtensibilityGlobals) = postSolution
		SolutionGuid = {7006E125-4092-4581-9F0A-81DECE94EFFA}
	EndGlobalSection
EndGlobal
